
Microsoft Visual Studio Solution File, Format Version 12.00
# Visual Studio Version 17
VisualStudioVersion = 17.0.31903.59
MinimumVisualStudioVersion = 10.0.40219.1
Project("{FAE04EC0-301F-11D3-BF4B-00C04F79EFBC}") = "CleanArchitecture.Domain", "CleanArchitecture.Domain\CleanArchitecture.Domain.csproj", "{857F16A8-3CA2-4260-AE73-C6BB027989E2}"
EndProject
Project("{FAE04EC0-301F-11D3-BF4B-00C04F79EFBC}") = "CleanArchitecture.Application", "CleanArchitecture.Application\CleanArchitecture.Application.csproj", "{A22FB8AD-328A-4A2A-810C-6CF9A944E961}"
EndProject
Project("{FAE04EC0-301F-11D3-BF4B-00C04F79EFBC}") = "CleanArchitecture.Infrastructure", "CleanArchitecture.Infrastructure\CleanArchitecture.Infrastructure.csproj", "{C686F512-6DAF-4EDA-A9EA-E7FCA446618A}"
EndProject
Project("{FAE04EC0-301F-11D3-BF4B-00C04F79EFBC}") = "CleanArchitecture.WebAPI", "CleanArchitecture.WebAPI\CleanArchitecture.WebAPI.csproj", "{1D7296AC-0EC2-4C51-96E9-D6F866993A6B}"
EndProject
Global
	GlobalSection(SolutionConfigurationPlatforms) = preSolution
		Debug|Any CPU = Debug|Any CPU
		Release|Any CPU = Release|Any CPU
	EndGlobalSection
	GlobalSection(ProjectConfigurationPlatforms) = postSolution
		{857F16A8-3CA2-4260-AE73-C6BB027989E2}.Debug|Any CPU.ActiveCfg = Debug|Any CPU
		{857F16A8-3CA2-4260-AE73-C6BB027989E2}.Debug|Any CPU.Build.0 = Debug|Any CPU
		{857F16A8-3CA2-4260-AE73-C6BB027989E2}.Release|Any CPU.ActiveCfg = Release|Any CPU
		{857F16A8-3CA2-4260-AE73-C6BB027989E2}.Release|Any CPU.Build.0 = Release|Any CPU
		{A22FB8AD-328A-4A2A-810C-6CF9A944E961}.Debug|Any CPU.ActiveCfg = Debug|Any CPU
		{A22FB8AD-328A-4A2A-810C-6CF9A944E961}.Debug|Any CPU.Build.0 = Debug|Any CPU
		{A22FB8AD-328A-4A2A-810C-6CF9A944E961}.Release|Any CPU.ActiveCfg = Release|Any CPU
		{A22FB8AD-328A-4A2A-810C-6CF9A944E961}.Release|Any CPU.Build.0 = Release|Any CPU
		{C686F512-6DAF-4EDA-A9EA-E7FCA446618A}.Debug|Any CPU.ActiveCfg = Debug|Any CPU
		{C686F512-6DAF-4EDA-A9EA-E7FCA446618A}.Debug|Any CPU.Build.0 = Debug|Any CPU
		{C686F512-6DAF-4EDA-A9EA-E7FCA446618A}.Release|Any CPU.ActiveCfg = Release|Any CPU
		{C686F512-6DAF-4EDA-A9EA-E7FCA446618A}.Release|Any CPU.Build.0 = Release|Any CPU
		{1D7296AC-0EC2-4C51-96E9-D6F866993A6B}.Debug|Any CPU.ActiveCfg = Debug|Any CPU
		{1D7296AC-0EC2-4C51-96E9-D6F866993A6B}.Debug|Any CPU.Build.0 = Debug|Any CPU
		{1D7296AC-0EC2-4C51-96E9-D6F866993A6B}.Release|Any CPU.ActiveCfg = Release|Any CPU
		{1D7296AC-0EC2-4C51-96E9-D6F866993A6B}.Release|Any CPU.Build.0 = Release|Any CPU
	EndGlobalSection
	GlobalSection(SolutionProperties) = preSolution
		HideSolutionNode = FALSE
	EndGlobalSection
	GlobalSection(ExtensibilityGlobals) = postSolution
		SolutionGuid = {3AA15ABA-3938-4F73-9336-5455BD4D582F}
	EndGlobalSection
EndGlobal
